
Microsoft Visual Studio Solution File, Format Version 12.00
# Visual Studio 14
VisualStudioVersion = 14.0.25123.0
MinimumVisualStudioVersion = 10.0.40219.1
Project("{2150E333-8FDC-42A3-9474-1A3956D46DE8}") = "LINQStudy", "LINQStudy", "{92C03F86-F910-404F-9133-5E1460A609CF}"
EndProject
Project("{FAE04EC0-301F-11D3-BF4B-00C04F79EFBC}") = "LinqDemo", "LinqDemo\LinqDemo.csproj", "{7551ADC7-3900-4D10-B7CF-E59A4E7B4E38}"
EndProject
Global
	GlobalSection(SolutionConfigurationPlatforms) = preSolution
		Debug|Any CPU = Debug|Any CPU
		Release|Any CPU = Release|Any CPU
	EndGlobalSection
	GlobalSection(ProjectConfigurationPlatforms) = postSolution
		{7551ADC7-3900-4D10-B7CF-E59A4E7B4E38}.Debug|Any CPU.ActiveCfg = Debug|Any CPU
		{7551ADC7-3900-4D10-B7CF-E59A4E7B4E38}.Debug|Any CPU.Build.0 = Debug|Any CPU
		{7551ADC7-3900-4D10-B7CF-E59A4E7B4E38}.Release|Any CPU.ActiveCfg = Release|Any CPU
		{7551ADC7-3900-4D10-B7CF-E59A4E7B4E38}.Release|Any CPU.Build.0 = Release|Any CPU
	EndGlobalSection
	GlobalSection(SolutionProperties) = preSolution
		HideSolutionNode = FALSE
	EndGlobalSection
	GlobalSection(NestedProjects) = preSolution
		{7551ADC7-3900-4D10-B7CF-E59A4E7B4E38} = {92C03F86-F910-404F-9133-5E1460A609CF}
	EndGlobalSection
EndGlobal
